
Microsoft Visual Studio Solution File, Format Version 12.00
# Visual Studio 15
VisualStudioVersion = 15.0.27428.2002
MinimumVisualStudioVersion = 10.0.40219.1
Project("{FAE04EC0-301F-11D3-BF4B-00C04F79EFBC}") = "Wind Tunnel", "Wind Tunnel\Wind Tunnel.csproj", "{13572B17-7B9F-4252-B723-28DAC8796A91}"
EndProject
Project("{FAE04EC0-301F-11D3-BF4B-00C04F79EFBC}") = "Graphing", "..\..\Unity Graphing\Graphing\Graphing.csproj", "{3C216395-20C9-4F59-813E-9326882D7092}"
EndProject
Global
	GlobalSection(SolutionConfigurationPlatforms) = preSolution
		Debug|Any CPU = Debug|Any CPU
		Release|Any CPU = Release|Any CPU
		UnityEditor|Any CPU = UnityEditor|Any CPU
	EndGlobalSection
	GlobalSection(ProjectConfigurationPlatforms) = postSolution
		{13572B17-7B9F-4252-B723-28DAC8796A91}.Debug|Any CPU.ActiveCfg = Debug|Any CPU
		{13572B17-7B9F-4252-B723-28DAC8796A91}.Debug|Any CPU.Build.0 = Debug|Any CPU
		{13572B17-7B9F-4252-B723-28DAC8796A91}.Release|Any CPU.ActiveCfg = Release|Any CPU
		{13572B17-7B9F-4252-B723-28DAC8796A91}.Release|Any CPU.Build.0 = Release|Any CPU
		{13572B17-7B9F-4252-B723-28DAC8796A91}.UnityEditor|Any CPU.ActiveCfg = UnityEditor|Any CPU
		{13572B17-7B9F-4252-B723-28DAC8796A91}.UnityEditor|Any CPU.Build.0 = UnityEditor|Any CPU
		{3C216395-20C9-4F59-813E-9326882D7092}.Debug|Any CPU.ActiveCfg = Debug|Any CPU
		{3C216395-20C9-4F59-813E-9326882D7092}.Debug|Any CPU.Build.0 = Debug|Any CPU
		{3C216395-20C9-4F59-813E-9326882D7092}.Release|Any CPU.ActiveCfg = Release|Any CPU
		{3C216395-20C9-4F59-813E-9326882D7092}.Release|Any CPU.Build.0 = Release|Any CPU
		{3C216395-20C9-4F59-813E-9326882D7092}.UnityEditor|Any CPU.ActiveCfg = Debug|Any CPU
		{3C216395-20C9-4F59-813E-9326882D7092}.UnityEditor|Any CPU.Build.0 = Debug|Any CPU
	EndGlobalSection
	GlobalSection(SolutionProperties) = preSolution
		HideSolutionNode = FALSE
	EndGlobalSection
	GlobalSection(ExtensibilityGlobals) = postSolution
		SolutionGuid = {0822F145-F46F-4315-8F09-E041A94D097D}
	EndGlobalSection
EndGlobal
